# THIS IS AN AUTOGENERATED FILE. DO NOT EDIT THIS FILE DIRECTLY.
# yarn lockfile v1


daisyui@^5.6.13:
  version "5.6.13"
  resolved "https://registry.yarnpkg.com/daisyui/-/daisyui-5.6.13.tgz#3c71a432715016e1118ae5e4e968b4647eabe347"
  integrity sha512-0UHyNG3TzF7pDIbPcWyLKQfgtGhJcIq2x26jwsDKp7ZhL0GwaqIMZ12+TWfp8p+mE4NNc29SJk63hEXTz3MQkg==
